// !$*UTF8*$!
{
	archiveVersion = 1;
	classes = {
	};
	objectVersion = 50;
	objects = {

/* Begin PBXBuildFile section */
		28E39F222206533A00A71535 /* AppDelegate.swift in Sources */ = {isa = PBXBuildFile; fileRef = 28E39F212206533A00A71535 /* AppDelegate.swift */; };
		28E39F272206533A00A71535 /* Main.storyboard in Resources */ = {isa = PBXBuildFile; fileRef = 28E39F252206533A00A71535 /* Main.storyboard */; };
		28E39F2A2206533A00A71535 /* CoreDataApp.xcdatamodeld in Sources */ = {isa = PBXBuildFile; fileRef = 28E39F282206533A00A71535 /* CoreDataApp.xcdatamodeld */; };
		28E39F2C2206534500A71535 /* Assets.xcassets in Resources */ = {isa = PBXBuildFile; fileRef = 28E39F2B2206534500A71535 /* Assets.xcassets */; };
		28E39F2F2206534500A71535 /* LaunchScreen.storyboard in Resources */ = {isa = PBXBuildFile; fileRef = 28E39F2D2206534500A71535 /* LaunchScreen.storyboard */; };
		28E39F3A2206534600A71535 /* CoreDataAppTests.swift in Sources */ = {isa = PBXBuildFile; fileRef = 28E39F392206534600A71535 /* CoreDataAppTests.swift */; };
		28E39F452206534600A71535 /* CoreDataAppUITests.swift in Sources */ = {isa = PBXBuildFile; fileRef = 28E39F442206534600A71535 /* CoreDataAppUITests.swift */; };
/* End PBXBuildFile section */

/* Begin PBXContainerItemProxy section */
		28E39F362206534500A71535 /* PBXContainerItemProxy */ = {
			isa = PBXContainerItemProxy;
			containerPortal = 28E39F162206533900A71535 /* Project object */;
			proxyType = 1;
			remoteGlobalIDString = 28E39F1D2206533A00A71535;
			remoteInfo = CoreDataApp;
		};
		28E39F412206534600A71535 /* PBXContainerItemProxy */ = {
			isa = PBXContainerItemProxy;
			containerPortal = 28E39F162206533900A71535 /* Project object */;
			proxyType = 1;
			remoteGlobalIDString = 28E39F1D2206533A00A71535;
			remoteInfo = CoreDataApp;
		};
/* End PBXContainerItemProxy section */

/* Begin PBXFileReference section */
		28E39F1E2206533A00A71535 /* CoreDataApp.app */ = {isa = PBXFileReference; explicitFileType = wrapper.application; includeInIndex = 0; path = CoreDataApp.app; sourceTree = BUILT_PRODUCTS_DIR; };
		28E39F212206533A00A71535 /* AppDelegate.swift */ = {isa = PBXFileReference; lastKnownFileType = sourcecode.swift; path = AppDelegate.swift; sourceTree = "<group>"; };
		28E39F262206533A00A71535 /* Base */ = {isa = PBXFileReference; lastKnownFileType = file.storyboard; name = Base; path = Base.lproj/Main.storyboard; sourceTree = "<group>"; };
		28E39F292206533A00A71535 /* CoreDataApp.xcdatamodel */ = {isa = PBXFileReference; lastKnownFileType = wrapper.xcdatamodel; path = CoreDataApp.xcdatamodel; sourceTree = "<group>"; };
		28E39F2B2206534500A71535 /* Assets.xcassets */ = {isa = PBXFileReference; lastKnownFileType = folder.assetcatalog; path = Assets.xcassets; sourceTree = "<group>"; };
		28E39F2E2206534500A71535 /* Base */ = {isa = PBXFileReference; lastKnownFileType = file.storyboard; name = Base; path = Base.lproj/LaunchScreen.storyboard; sourceTree = "<group>"; };
		28E39F302206534500A71535 /* Info.plist */ = {isa = PBXFileReference; lastKnownFileType = text.plist.xml; path = Info.plist; sourceTree = "<group>"; };
		28E39F352206534500A71535 /* CoreDataAppTests.xctest */ = {isa = PBXFileReference; explicitFileType = wrapper.cfbundle; includeInIndex = 0; path = CoreDataAppTests.xctest; sourceTree = BUILT_PRODUCTS_DIR; };
		28E39F392206534600A71535 /* CoreDataAppTests.swift */ = {isa = PBXFileReference; lastKnownFileType = sourcecode.swift; path = CoreDataAppTests.swift; sourceTree = "<group>"; };
		28E39F3B2206534600A71535 /* Info.plist */ = {isa = PBXFileReference; lastKnownFileType = text.plist.xml; path = Info.plist; sourceTree = "<group>"; };
		28E39F402206534600A71535 /* CoreDataAppUITests.xctest */ = {isa = PBXFileReference; explicitFileType = wrapper.cfbundle; includeInIndex = 0; path = CoreDataAppUITests.xctest; sourceTree = BUILT_PRODUCTS_DIR; };
		28E39F442206534600A71535 /* CoreDataAppUITests.swift */ = {isa = PBXFileReference; lastKnownFileType = sourcecode.swift; path = CoreDataAppUITests.swift; sourceTree = "<group>"; };
		28E39F462206534600A71535 /* Info.plist */ = {isa = PBXFileReference; lastKnownFileType = text.plist.xml; path = Info.plist; sourceTree = "<group>"; };
/* End PBXFileReference section */

/* Begin PBXFrameworksBuildPhase section */
		28E39F1B2206533A00A71535 /* Frameworks */ = {
			isa = PBXFrameworksBuildPhase;
			buildActionMask = 2147483647;
			files = (
			);
			runOnlyForDeploymentPostprocessing = 0;
		};
		28E39F322206534500A71535 /* Frameworks */ = {
			isa = PBXFrameworksBuildPhase;
			buildActionMask = 2147483647;
			files = (
			);
			runOnlyForDeploymentPostprocessing = 0;
		};
		28E39F3D2206534600A71535 /* Frameworks */ = {
			isa = PBXFrameworksBuildPhase;
			buildActionMask = 2147483647;
			files = (
			);
			runOnlyForDeploymentPostprocessing = 0;
		};
/* End PBXFrameworksBuildPhase section */

/* Begin PBXGroup section */
		28E39F152206533900A71535 = {
			isa = PBXGroup;
			children = (
				28E39F202206533A00A71535 /* CoreDataApp */,
				28E39F382206534500A71535 /* CoreDataAppTests */,
				28E39F432206534600A71535 /* CoreDataAppUITests */,
				28E39F1F2206533A00A71535 /* Products */,
			);
			sourceTree = "<group>";
		};
		28E39F1F2206533A00A71535 /* Products */ = {
			isa = PBXGroup;
			children = (
				28E39F1E2206533A00A71535 /* CoreDataApp.app */,
				28E39F352206534500A71535 /* CoreDataAppTests.xctest */,
				28E39F402206534600A71535 /* CoreDataAppUITests.xctest */,
			);
			name = Products;
			sourceTree = "<group>";
		};
		28E39F202206533A00A71535 /* CoreDataApp */ = {
			isa = PBXGroup;
			children = (
				28E39F212206533A00A71535 /* AppDelegate.swift */,
				28E39F252206533A00A71535 /* Main.storyboard */,
				28E39F2B2206534500A71535 /* Assets.xcassets */,
				28E39F2D2206534500A71535 /* LaunchScreen.storyboard */,
				28E39F302206534500A71535 /* Info.plist */,
				28E39F282206533A00A71535 /* CoreDataApp.xcdatamodeld */,
			);
			path = CoreDataApp;
			sourceTree = "<group>";
		};
		28E39F382206534500A71535 /* CoreDataAppTests */ = {
			isa = PBXGroup;
			children = (
				28E39F392206534600A71535 /* CoreDataAppTests.swift */,
				28E39F3B2206534600A71535 /* Info.plist */,
			);
			path = CoreDataAppTests;
			sourceTree = "<group>";
		};
		28E39F432206534600A71535 /* CoreDataAppUITests */ = {
			isa = PBXGroup;
			children = (
				28E39F442206534600A71535 /* CoreDataAppUITests.swift */,
				28E39F462206534600A71535 /* Info.plist */,
			);
			path = CoreDataAppUITests;
			sourceTree = "<group>";
		};
/* End PBXGroup section */

/* Begin PBXNativeTarget section */
		28E39F1D2206533A00A71535 /* CoreDataApp */ = {
			isa = PBXNativeTarget;
			buildConfigurationList = 28E39F492206534600A71535 /* Build configuration list for PBXNativeTarget "CoreDataApp" */;
			buildPhases = (
				28E39F1A2206533A00A71535 /* Sources */,
				28E39F1B2206533A00A71535 /* Frameworks */,
				28E39F1C2206533A00A71535 /* Resources */,
			);
			buildRules = (
			);
			dependencies = (
			);
			name = CoreDataApp;
			productName = CoreDataApp;
			productReference = 28E39F1E2206533A00A71535 /* CoreDataApp.app */;
			productType = "com.apple.product-type.application";
		};
		28E39F342206534500A71535 /* CoreDataAppTests */ = {
			isa = PBXNativeTarget;
			buildConfigurationList = 28E39F4C2206534600A71535 /* Build configuration list for PBXNativeTarget "CoreDataAppTests" */;
			buildPhases = (
				28E39F312206534500A71535 /* Sources */,
				28E39F322206534500A71535 /* Frameworks */,
				28E39F332206534500A71535 /* Resources */,
			);
			buildRules = (
			);
			dependencies = (
				28E39F372206534500A71535 /* PBXTargetDependency */,
			);
			name = CoreDataAppTests;
			productName = CoreDataAppTests;
			productReference = 28E39F352206534500A71535 /* CoreDataAppTests.xctest */;
			productType = "com.apple.product-type.bundle.unit-test";
		};
		28E39F3F2206534600A71535 /* CoreDataAppUITests */ = {
			isa = PBXNativeTarget;
			buildConfigurationList = 28E39F4F2206534600A71535 /* Build configuration list for PBXNativeTarget "CoreDataAppUITests" */;
			buildPhases = (
				28E39F3C2206534600A71535 /* Sources */,
				28E39F3D2206534600A71535 /* Frameworks */,
				28E39F3E2206534600A71535 /* Resources */,
			);
			buildRules = (
			);
			dependencies = (
				28E39F422206534600A71535 /* PBXTargetDependency */,
			);
			name = CoreDataAppUITests;
			productName = CoreDataAppUITests;
			productReference = 28E39F402206534600A71535 /* CoreDataAppUITests.xctest */;
			productType = "com.apple.product-type.bundle.ui-testing";
		};
/* End PBXNativeTarget section */

/* Begin PBXProject section */
		28E39F162206533900A71535 /* Project object */ = {
			isa = PBXProject;
			attributes = {
				LastSwiftUpdateCheck = 1010;
				LastUpgradeCheck = 1010;
				ORGANIZATIONNAME = "Mira Bhatt";
				TargetAttributes = {
					28E39F1D2206533A00A71535 = {
						CreatedOnToolsVersion = 10.1;
					};
					28E39F342206534500A71535 = {
						CreatedOnToolsVersion = 10.1;
						TestTargetID = 28E39F1D2206533A00A71535;
					};
					28E39F3F2206534600A71535 = {
						CreatedOnToolsVersion = 10.1;
						TestTargetID = 28E39F1D2206533A00A71535;
					};
				};
			};
			buildConfigurationList = 28E39F192206533900A71535 /* Build configuration list for PBXProject "CoreDataApp" */;
			compatibilityVersion = "Xcode 9.3";
			developmentRegion = en;
			hasScannedForEncodings = 0;
			knownRegions = (
				en,
				Base,
			);
			mainGroup = 28E39F152206533900A71535;
			productRefGroup = 28E39F1F2206533A00A71535 /* Products */;
			projectDirPath = "";
			projectRoot = "";
			targets = (
				28E39F1D2206533A00A71535 /* CoreDataApp */,
				28E39F342206534500A71535 /* CoreDataAppTests */,
				28E39F3F2206534600A71535 /* CoreDataAppUITests */,
			);
		};
/* End PBXProject section */

/* Begin PBXResourcesBuildPhase section */
		28E39F1C2206533A00A71535 /* Resources */ = {
			isa = PBXResourcesBuildPhase;
			buildActionMask = 2147483647;
			files = (
				28E39F2F2206534500A71535 /* LaunchScreen.storyboard in Resources */,
				28E39F2C2206534500A71535 /* Assets.xcassets in Resources */,
				28E39F272206533A00A71535 /* Main.storyboard in Resources */,
			);
			runOnlyForDeploymentPostprocessing = 0;
		};
		28E39F332206534500A71535 /* Resources */ = {
			isa = PBXResourcesBuildPhase;
			buildActionMask = 2147483647;
			files = (
			);
			runOnlyForDeploymentPostprocessing = 0;
		};
		28E39F3E2206534600A71535 /* Resources */ = {
			isa = PBXResourcesBuildPhase;
			buildActionMask = 2147483647;
			files = (
			);
			runOnlyForDeploymentPostprocessing = 0;
		};
/* End PBXResourcesBuildPhase section */

/* Begin PBXSourcesBuildPhase section */
		28E39F1A2206533A00A71535 /* Sources */ = {
			isa = PBXSourcesBuildPhase;
			buildActionMask = 2147483647;
			files = (
				28E39F2A2206533A00A71535 /* CoreDataApp.xcdatamodeld in Sources */,
				28E39F222206533A00A71535 /* AppDelegate.swift in Sources */,
			);
			runOnlyForDeploymentPostprocessing = 0;
		};
		28E39F312206534500A71535 /* Sources */ = {
			isa = PBXSourcesBuildPhase;
			buildActionMask = 2147483647;
			files = (
				28E39F3A2206534600A71535 /* CoreDataAppTests.swift in Sources */,
			);
			runOnlyForDeploymentPostprocessing = 0;
		};
		28E39F3C2206534600A71535 /* Sources */ = {
			isa = PBXSourcesBuildPhase;
			buildActionMask = 2147483647;
			files = (
				28E39F452206534600A71535 /* CoreDataAppUITests.swift in Sources */,
			);
			runOnlyForDeploymentPostprocessing = 0;
		};
/* End PBXSourcesBuildPhase section */

/* Begin PBXTargetDependency section */
		28E39F372206534500A71535 /* PBXTargetDependency */ = {
			isa = PBXTargetDependency;
			target = 28E39F1D2206533A00A71535 /* CoreDataApp */;
			targetProxy = 28E39F362206534500A71535 /* PBXContainerItemProxy */;
		};
		28E39F422206534600A71535 /* PBXTargetDependency */ = {
			isa = PBXTargetDependency;
			target = 28E39F1D2206533A00A71535 /* CoreDataApp */;
			targetProxy = 28E39F412206534600A71535 /* PBXContainerItemProxy */;
		};
/* End PBXTargetDependency section */

/* Begin PBXVariantGroup section */
		28E39F252206533A00A71535 /* Main.storyboard */ = {
			isa = PBXVariantGroup;
			children = (
				28E39F262206533A00A71535 /* Base */,
			);
			name = Main.storyboard;
			sourceTree = "<group>";
		};
		28E39F2D2206534500A71535 /* LaunchScreen.storyboard */ = {
			isa = PBXVariantGroup;
			children = (
				28E39F2E2206534500A71535 /* Base */,
			);
			name = LaunchScreen.storyboard;
			sourceTree = "<group>";
		};
/* End PBXVariantGroup section */

/* Begin XCBuildConfiguration section */
		28E39F472206534600A71535 /* Debug */ = {
			isa = XCBuildConfiguration;
			buildSettings = {
				ALWAYS_SEARCH_USER_PATHS = NO;
				CLANG_ANALYZER_NONNULL = YES;
				CLANG_ANALYZER_NUMBER_OBJECT_CONVERSION = YES_AGGRESSIVE;
				CLANG_CXX_LANGUAGE_STANDARD = "gnu++14";
				CLANG_CXX_LIBRARY = "libc++";
				CLANG_ENABLE_MODULES = YES;
				CLANG_ENABLE_OBJC_ARC = YES;
				CLANG_ENABLE_OBJC_WEAK = YES;
				CLANG_WARN_BLOCK_CAPTURE_AUTORELEASING = YES;
				CLANG_WARN_BOOL_CONVERSION = YES;
				CLANG_WARN_COMMA = YES;
				CLANG_WARN_CONSTANT_CONVERSION = YES;
				CLANG_WARN_DEPRECATED_OBJC_IMPLEMENTATIONS = YES;
				CLANG_WARN_DIRECT_OBJC_ISA_USAGE = YES_ERROR;
				CLANG_WARN_DOCUMENTATION_COMMENTS = YES;
				CLANG_WARN_EMPTY_BODY = YES;
				CLANG_WARN_ENUM_CONVERSION = YES;
				CLANG_WARN_INFINITE_RECURSION = YES;
				CLANG_WARN_INT_CONVERSION = YES;
				CLANG_WARN_NON_LITERAL_NULL_CONVERSION = YES;
				CLANG_WARN_OBJC_IMPLICIT_RETAIN_SELF = YES;
				CLANG_WARN_OBJC_LITERAL_CONVERSION = YES;
				CLANG_WARN_OBJC_ROOT_CLASS = YES_ERROR;
				CLANG_WARN_RANGE_LOOP_ANALYSIS = YES;
				CLANG_WARN_STRICT_PROTOTYPES = YES;
				CLANG_WARN_SUSPICIOUS_MOVE = YES;
				CLANG_WARN_UNGUARDED_AVAILABILITY = YES_AGGRESSIVE;
				CLANG_WARN_UNREACHABLE_CODE = YES;
				CLANG_WARN__DUPLICATE_METHOD_MATCH = YES;
				CODE_SIGN_IDENTITY = "iPhone Developer";
				COPY_PHASE_STRIP = NO;
				DEBUG_INFORMATION_FORMAT = dwarf;
				ENABLE_STRICT_OBJC_MSGSEND = YES;
				ENABLE_TESTABILITY = YES;
				GCC_C_LANGUAGE_STANDARD = gnu11;
				GCC_DYNAMIC_NO_PIC = NO;
				GCC_NO_COMMON_BLOCKS = YES;
				GCC_OPTIMIZATION_LEVEL = 0;
				GCC_PREPROCESSOR_DEFINITIONS = (
					"DEBUG=1",
					"$(inherited)",
				);
				GCC_WARN_64_TO_32_BIT_CONVERSION = YES;
				GCC_WARN_ABOUT_RETURN_TYPE = YES_ERROR;
				GCC_WARN_UNDECLARED_SELECTOR = YES;
				GCC_WARN_UNINITIALIZED_AUTOS = YES_AGGRESSIVE;
				GCC_WARN_UNUSED_FUNCTION = YES;
				GCC_WARN_UNUSED_VARIABLE = YES;
				IPHONEOS_DEPLOYMENT_TARGET = 12.1;
				MTL_ENABLE_DEBUG_INFO = INCLUDE_SOURCE;
				MTL_FAST_MATH = YES;
				ONLY_ACTIVE_ARCH = YES;
				SDKROOT = iphoneos;
				SWIFT_ACTIVE_COMPILATION_CONDITIONS = DEBUG;
				SWIFT_OPTIMIZATION_LEVEL = "-Onone";
			};
			name = Debug;
		};
		28E39F482206534600A71535 /* Release */ = {
			isa = XCBuildConfiguration;
			buildSettings = {
				ALWAYS_SEARCH_USER_PATHS = NO;
				CLANG_ANALYZER_NONNULL = YES;
				CLANG_ANALYZER_NUMBER_OBJECT_CONVERSION = YES_AGGRESSIVE;
				CLANG_CXX_LANGUAGE_STANDARD = "gnu++14";
				CLANG_CXX_LIBRARY = "libc++";
				CLANG_ENABLE_MODULES = YES;
				CLANG_ENABLE_OBJC_ARC = YES;
				CLANG_ENABLE_OBJC_WEAK = YES;
				CLANG_WARN_BLOCK_CAPTURE_AUTORELEASING = YES;
				CLANG_WARN_BOOL_CONVERSION = YES;
				CLANG_WARN_COMMA = YES;
				CLANG_WARN_CONSTANT_CONVERSION = YES;
				CLANG_WARN_DEPRECATED_OBJC_IMPLEMENTATIONS = YES;
				CLANG_WARN_DIRECT_OBJC_ISA_USAGE = YES_ERROR;
				CLANG_WARN_DOCUMENTATION_COMMENTS = YES;
				CLANG_WARN_EMPTY_BODY = YES;
				CLANG_WARN_ENUM_CONVERSION = YES;
				CLANG_WARN_INFINITE_RECURSION = YES;
				CLANG_WARN_INT_CONVERSION = YES;
				CLANG_WARN_NON_LITERAL_NULL_CONVERSION = YES;
				CLANG_WARN_OBJC_IMPLICIT_RETAIN_SELF = YES;
				CLANG_WARN_OBJC_LITERAL_CONVERSION = YES;
				CLANG_WARN_OBJC_ROOT_CLASS = YES_ERROR;
				CLANG_WARN_RANGE_LOOP_ANALYSIS = YES;
				CLANG_WARN_STRICT_PROTOTYPES = YES;
				CLANG_WARN_SUSPICIOUS_MOVE = YES;
				CLANG_WARN_UNGUARDED_AVAILABILITY = YES_AGGRESSIVE;
				CLANG_WARN_UNREACHABLE_CODE = YES;
				CLANG_WARN__DUPLICATE_METHOD_MATCH = YES;
				CODE_SIGN_IDENTITY = "iPhone Developer";
				COPY_PHASE_STRIP = NO;
				DEBUG_INFORMATION_FORMAT = "dwarf-with-dsym";
				ENABLE_NS_ASSERTIONS = NO;
				ENABLE_STRICT_OBJC_MSGSEND = YES;
				GCC_C_LANGUAGE_STANDARD = gnu11;
				GCC_NO_COMMON_BLOCKS = YES;
				GCC_WARN_64_TO_32_BIT_CONVERSION = YES;
				GCC_WARN_ABOUT_RETURN_TYPE = YES_ERROR;
				GCC_WARN_UNDECLARED_SELECTOR = YES;
				GCC_WARN_UNINITIALIZED_AUTOS = YES_AGGRESSIVE;
				GCC_WARN_UNUSED_FUNCTION = YES;
				GCC_WARN_UNUSED_VARIABLE = YES;
				IPHONEOS_DEPLOYMENT_TARGET = 12.1;
				MTL_ENABLE_DEBUG_INFO = NO;
				MTL_FAST_MATH = YES;
				SDKROOT = iphoneos;
				SWIFT_COMPILATION_MODE = wholemodule;
				SWIFT_OPTIMIZATION_LEVEL = "-O";
				VALIDATE_PRODUCT = YES;
			};
			name = Release;
		};
		28E39F4A2206534600A71535 /* Debug */ = {
			isa = XCBuildConfiguration;
			buildSettings = {
				ASSETCATALOG_COMPILER_APPICON_NAME = AppIcon;
				CODE_SIGN_STYLE = Automatic;
				INFOPLIST_FILE = CoreDataApp/Info.plist;
				LD_RUNPATH_SEARCH_PATHS = (
					"$(inherited)",
					"@executable_path/Frameworks",
				);
				PRODUCT_BUNDLE_IDENTIFIER = com.thecoderschool.CoreDataApp;
				PRODUCT_NAME = "$(TARGET_NAME)";
				SWIFT_VERSION = 4.2;
				TARGETED_DEVICE_FAMILY = "1,2";
			};
			name = Debug;
		};
		28E39F4B2206534600A71535 /* Release */ = {
			isa = XCBuildConfiguration;
			buildSettings = {
				ASSETCATALOG_COMPILER_APPICON_NAME = AppIcon;
				CODE_SIGN_STYLE = Automatic;
				INFOPLIST_FILE = CoreDataApp/Info.plist;
				LD_RUNPATH_SEARCH_PATHS = (
					"$(inherited)",
					"@executable_path/Frameworks",
				);
				PRODUCT_BUNDLE_IDENTIFIER = com.thecoderschool.CoreDataApp;
				PRODUCT_NAME = "$(TARGET_NAME)";
				SWIFT_VERSION = 4.2;
				TARGETED_DEVICE_FAMILY = "1,2";
			};
			name = Release;
		};
		28E39F4D2206534600A71535 /* Debug */ = {
			isa = XCBuildConfiguration;
			buildSettings = {
				ALWAYS_EMBED_SWIFT_STANDARD_LIBRARIES = YES;
				BUNDLE_LOADER = "$(TEST_HOST)";
				CODE_SIGN_STYLE = Automatic;
				INFOPLIST_FILE = CoreDataAppTests/Info.plist;
				LD_RUNPATH_SEARCH_PATHS = (
					"$(inherited)",
					"@executable_path/Frameworks",
					"@loader_path/Frameworks",
				);
				PRODUCT_BUNDLE_IDENTIFIER = com.thecoderschool.CoreDataAppTests;
				PRODUCT_NAME = "$(TARGET_NAME)";
				SWIFT_VERSION = 4.2;
				TARGETED_DEVICE_FAMILY = "1,2";
				TEST_HOST = "$(BUILT_PRODUCTS_DIR)/CoreDataApp.app/CoreDataApp";
			};
			name = Debug;
		};
		28E39F4E2206534600A71535 /* Release */ = {
			isa = XCBuildConfiguration;
			buildSettings = {
				ALWAYS_EMBED_SWIFT_STANDARD_LIBRARIES = YES;
				BUNDLE_LOADER = "$(TEST_HOST)";
				CODE_SIGN_STYLE = Automatic;
				INFOPLIST_FILE = CoreDataAppTests/Info.plist;
				LD_RUNPATH_SEARCH_PATHS = (
					"$(inherited)",
					"@executable_path/Frameworks",
					"@loader_path/Frameworks",
				);
				PRODUCT_BUNDLE_IDENTIFIER = com.thecoderschool.CoreDataAppTests;
				PRODUCT_NAME = "$(TARGET_NAME)";
				SWIFT_VERSION = 4.2;
				TARGETED_DEVICE_FAMILY = "1,2";
				TEST_HOST = "$(BUILT_PRODUCTS_DIR)/CoreDataApp.app/CoreDataApp";
			};
			name = Release;
		};
		28E39F502206534600A71535 /* Debug */ = {
			isa = XCBuildConfiguration;
			buildSettings = {
				ALWAYS_EMBED_SWIFT_STANDARD_LIBRARIES = YES;
				CODE_SIGN_STYLE = Automatic;
				INFOPLIST_FILE = CoreDataAppUITests/Info.plist;
				LD_RUNPATH_SEARCH_PATHS = (
					"$(inherited)",
					"@executable_path/Frameworks",
					"@loader_path/Frameworks",
				);
				PRODUCT_BUNDLE_IDENTIFIER = com.thecoderschool.CoreDataAppUITests;
				PRODUCT_NAME = "$(TARGET_NAME)";
				SWIFT_VERSION = 4.2;
				TARGETED_DEVICE_FAMILY = "1,2";
				TEST_TARGET_NAME = CoreDataApp;
			};
			name = Debug;
		};
		28E39F512206534600A71535 /* Release */ = {
			isa = XCBuildConfiguration;
			buildSettings = {
				ALWAYS_EMBED_SWIFT_STANDARD_LIBRARIES = YES;
				CODE_SIGN_STYLE = Automatic;
				INFOPLIST_FILE = CoreDataAppUITests/Info.plist;
				LD_RUNPATH_SEARCH_PATHS = (
					"$(inherited)",
					"@executable_path/Frameworks",
					"@loader_path/Frameworks",
				);
				PRODUCT_BUNDLE_IDENTIFIER = com.thecoderschool.CoreDataAppUITests;
				PRODUCT_NAME = "$(TARGET_NAME)";
				SWIFT_VERSION = 4.2;
				TARGETED_DEVICE_FAMILY = "1,2";
				TEST_TARGET_NAME = CoreDataApp;
			};
			name = Release;
		};
/* End XCBuildConfiguration section */

/* Begin XCConfigurationList section */
		28E39F192206533900A71535 /* Build configuration list for PBXProject "CoreDataApp" */ = {
			isa = XCConfigurationList;
			buildConfigurations = (
				28E39F472206534600A71535 /* Debug */,
				28E39F482206534600A71535 /* Release */,
			);
			defaultConfigurationIsVisible = 0;
			defaultConfigurationName = Release;
		};
		28E39F492206534600A71535 /* Build configuration list for PBXNativeTarget "CoreDataApp" */ = {
			isa = XCConfigurationList;
			buildConfigurations = (
				28E39F4A2206534600A71535 /* Debug */,
				28E39F4B2206534600A71535 /* Release */,
			);
			defaultConfigurationIsVisible = 0;
			defaultConfigurationName = Release;
		};
		28E39F4C2206534600A71535 /* Build configuration list for PBXNativeTarget "CoreDataAppTests" */ = {
			isa = XCConfigurationList;
			buildConfigurations = (
				28E39F4D2206534600A71535 /* Debug */,
				28E39F4E2206534600A71535 /* Release */,
			);
			defaultConfigurationIsVisible = 0;
			defaultConfigurationName = Release;
		};
		28E39F4F2206534600A71535 /* Build configuration list for PBXNativeTarget "CoreDataAppUITests" */ = {
			isa = XCConfigurationList;
			buildConfigurations = (
				28E39F502206534600A71535 /* Debug */,
				28E39F512206534600A71535 /* Release */,
			);
			defaultConfigurationIsVisible = 0;
			defaultConfigurationName = Release;
		};
/* End XCConfigurationList section */

/* Begin XCVersionGroup section */
		28E39F282206533A00A71535 /* CoreDataApp.xcdatamodeld */ = {
			isa = XCVersionGroup;
			children = (
				28E39F292206533A00A71535 /* CoreDataApp.xcdatamodel */,
			);
			currentVersion = 28E39F292206533A00A71535 /* CoreDataApp.xcdatamodel */;
			path = CoreDataApp.xcdatamodeld;
			sourceTree = "<group>";
			versionGroupType = wrapper.xcdatamodel;
		};
/* End XCVersionGroup section */
	};
	rootObject = 28E39F162206533900A71535 /* Project object */;
}
